
Microsoft Visual Studio Solution File, Format Version 12.00
# Visual Studio 15
VisualStudioVersion = 15.0.28307.168
MinimumVisualStudioVersion = 10.0.40219.1
Project("{FAE04EC0-301F-11D3-BF4B-00C04F79EFBC}") = "NirmanIASWebApi", "NirmanIASWebApi\NirmanIASWebApi.csproj", "{BC2E2F10-0DB4-4B90-B312-635DEA119D9A}"
EndProject
Global
	GlobalSection(SolutionConfigurationPlatforms) = preSolution
		Debug|Any CPU = Debug|Any CPU
		Release|Any CPU = Release|Any CPU
	EndGlobalSection
	GlobalSection(ProjectConfigurationPlatforms) = postSolution
		{BC2E2F10-0DB4-4B90-B312-635DEA119D9A}.Debug|Any CPU.ActiveCfg = Debug|Any CPU
		{BC2E2F10-0DB4-4B90-B312-635DEA119D9A}.Debug|Any CPU.Build.0 = Debug|Any CPU
		{BC2E2F10-0DB4-4B90-B312-635DEA119D9A}.Release|Any CPU.ActiveCfg = Release|Any CPU
		{BC2E2F10-0DB4-4B90-B312-635DEA119D9A}.Release|Any CPU.Build.0 = Release|Any CPU
	EndGlobalSection
	GlobalSection(SolutionProperties) = preSolution
		HideSolutionNode = FALSE
	EndGlobalSection
	GlobalSection(ExtensibilityGlobals) = postSolution
		SolutionGuid = {E6CEB069-FF92-41C4-9A3F-7E81C625C2A7}
	EndGlobalSection
EndGlobal
